// !$*UTF8*$!
{
	archiveVersion = 1;
	classes = {
	};
	objectVersion = 77;
	objects = {

/* Begin PBXContainerItemProxy section */
		55470DC32D7293810039BAA1 /* PBXContainerItemProxy */ = {
			isa = PBXContainerItemProxy;
			containerPortal = 55470DA52D72937F0039BAA1 /* Project object */;
			proxyType = 1;
			remoteGlobalIDString = 55470DAC2D72937F0039BAA1;
			remoteInfo = "Daily Task";
		};
		55470DCD2D7293810039BAA1 /* PBXContainerItemProxy */ = {
			isa = PBXContainerItemProxy;
			containerPortal = 55470DA52D72937F0039BAA1 /* Project object */;
			proxyType = 1;
			remoteGlobalIDString = 55470DAC2D72937F0039BAA1;
			remoteInfo = "Daily Task";
		};
/* End PBXContainerItemProxy section */

/* Begin PBXFileReference section */
		55470DAD2D72937F0039BAA1 /* Daily Task - Simple Todo List.app */ = {isa = PBXFileReference; explicitFileType = wrapper.application; includeInIndex = 0; path = "Daily Task - Simple Todo List.app"; sourceTree = BUILT_PRODUCTS_DIR; };
		55470DC22D7293810039BAA1 /* Daily TaskTests.xctest */ = {isa = PBXFileReference; explicitFileType = wrapper.cfbundle; includeInIndex = 0; path = "Daily TaskTests.xctest"; sourceTree = BUILT_PRODUCTS_DIR; };
		55470DCC2D7293810039BAA1 /* Daily TaskUITests.xctest */ = {isa = PBXFileReference; explicitFileType = wrapper.cfbundle; includeInIndex = 0; path = "Daily TaskUITests.xctest"; sourceTree = BUILT_PRODUCTS_DIR; };
/* End PBXFileReference section */

/* Begin PBXFileSystemSynchronizedRootGroup section */
		55470DAF2D72937F0039BAA1 /* Daily Task */ = {
			isa = PBXFileSystemSynchronizedRootGroup;
			path = "Daily Task";
			sourceTree = "<group>";
		};
		55470DC52D7293810039BAA1 /* Daily TaskTests */ = {
			isa = PBXFileSystemSynchronizedRootGroup;
			path = "Daily TaskTests";
			sourceTree = "<group>";
		};
		55470DCF2D7293810039BAA1 /* Daily TaskUITests */ = {
			isa = PBXFileSystemSynchronizedRootGroup;
			path = "Daily TaskUITests";
			sourceTree = "<group>";
		};
/* End PBXFileSystemSynchronizedRootGroup section */

/* Begin PBXFrameworksBuildPhase section */
		55470DAA2D72937F0039BAA1 /* Frameworks */ = {
			isa = PBXFrameworksBuildPhase;
			buildActionMask = 2147483647;
			files = (
			);
			runOnlyForDeploymentPostprocessing = 0;
		};
		55470DBF2D7293810039BAA1 /* Frameworks */ = {
			isa = PBXFrameworksBuildPhase;
			buildActionMask = 2147483647;
			files = (
			);
			runOnlyForDeploymentPostprocessing = 0;
		};
		55470DC92D7293810039BAA1 /* Frameworks */ = {
			isa = PBXFrameworksBuildPhase;
			buildActionMask = 2147483647;
			files = (
			);
			runOnlyForDeploymentPostprocessing = 0;
		};
/* End PBXFrameworksBuildPhase section */

/* Begin PBXGroup section */
		55470DA42D72937F0039BAA1 = {
			isa = PBXGroup;
			children = (
				55470DAF2D72937F0039BAA1 /* Daily Task */,
				55470DC52D7293810039BAA1 /* Daily TaskTests */,
				55470DCF2D7293810039BAA1 /* Daily TaskUITests */,
				55470DAE2D72937F0039BAA1 /* Products */,
			);
			sourceTree = "<group>";
		};
		55470DAE2D72937F0039BAA1 /* Products */ = {
			isa = PBXGroup;
			children = (
				55470DAD2D72937F0039BAA1 /* Daily Task - Simple Todo List.app */,
				55470DC22D7293810039BAA1 /* Daily TaskTests.xctest */,
				55470DCC2D7293810039BAA1 /* Daily TaskUITests.xctest */,
			);
			name = Products;
			sourceTree = "<group>";
		};
/* End PBXGroup section */

/* Begin PBXNativeTarget section */
		55470DAC2D72937F0039BAA1 /* Daily Task */ = {
			isa = PBXNativeTarget;
			buildConfigurationList = 55470DD62D7293810039BAA1 /* Build configuration list for PBXNativeTarget "Daily Task" */;
			buildPhases = (
				55470DA92D72937F0039BAA1 /* Sources */,
				55470DAA2D72937F0039BAA1 /* Frameworks */,
				55470DAB2D72937F0039BAA1 /* Resources */,
			);
			buildRules = (
			);
			dependencies = (
			);
			fileSystemSynchronizedGroups = (
				55470DAF2D72937F0039BAA1 /* Daily Task */,
			);
			name = "Daily Task";
			packageProductDependencies = (
			);
			productName = "Daily Task";
			productReference = 55470DAD2D72937F0039BAA1 /* Daily Task - Simple Todo List.app */;
			productType = "com.apple.product-type.application";
		};
		55470DC12D7293810039BAA1 /* Daily TaskTests */ = {
			isa = PBXNativeTarget;
			buildConfigurationList = 55470DD92D7293810039BAA1 /* Build configuration list for PBXNativeTarget "Daily TaskTests" */;
			buildPhases = (
				55470DBE2D7293810039BAA1 /* Sources */,
				55470DBF2D7293810039BAA1 /* Frameworks */,
				55470DC02D7293810039BAA1 /* Resources */,
			);
			buildRules = (
			);
			dependencies = (
				55470DC42D7293810039BAA1 /* PBXTargetDependency */,
			);
			fileSystemSynchronizedGroups = (
				55470DC52D7293810039BAA1 /* Daily TaskTests */,
			);
			name = "Daily TaskTests";
			packageProductDependencies = (
			);
			productName = "Daily TaskTests";
			productReference = 55470DC22D7293810039BAA1 /* Daily TaskTests.xctest */;
			productType = "com.apple.product-type.bundle.unit-test";
		};
		55470DCB2D7293810039BAA1 /* Daily TaskUITests */ = {
			isa = PBXNativeTarget;
			buildConfigurationList = 55470DDC2D7293810039BAA1 /* Build configuration list for PBXNativeTarget "Daily TaskUITests" */;
			buildPhases = (
				55470DC82D7293810039BAA1 /* Sources */,
				55470DC92D7293810039BAA1 /* Frameworks */,
				55470DCA2D7293810039BAA1 /* Resources */,
			);
			buildRules = (
			);
			dependencies = (
				55470DCE2D7293810039BAA1 /* PBXTargetDependency */,
			);
			fileSystemSynchronizedGroups = (
				55470DCF2D7293810039BAA1 /* Daily TaskUITests */,
			);
			name = "Daily TaskUITests";
			packageProductDependencies = (
			);
			productName = "Daily TaskUITests";
			productReference = 55470DCC2D7293810039BAA1 /* Daily TaskUITests.xctest */;
			productType = "com.apple.product-type.bundle.ui-testing";
		};
/* End PBXNativeTarget section */

/* Begin PBXProject section */
		55470DA52D72937F0039BAA1 /* Project object */ = {
			isa = PBXProject;
			attributes = {
				BuildIndependentTargetsInParallel = 1;
				LastSwiftUpdateCheck = 1620;
				LastUpgradeCheck = 1620;
				TargetAttributes = {
					55470DAC2D72937F0039BAA1 = {
						CreatedOnToolsVersion = 16.2;
					};
					55470DC12D7293810039BAA1 = {
						CreatedOnToolsVersion = 16.2;
						TestTargetID = 55470DAC2D72937F0039BAA1;
					};
					55470DCB2D7293810039BAA1 = {
						CreatedOnToolsVersion = 16.2;
						TestTargetID = 55470DAC2D72937F0039BAA1;
					};
				};
			};
			buildConfigurationList = 55470DA82D72937F0039BAA1 /* Build configuration list for PBXProject "Daily Task" */;
			developmentRegion = en;
			hasScannedForEncodings = 0;
			knownRegions = (
				en,
				Base,
			);
			mainGroup = 55470DA42D72937F0039BAA1;
			minimizedProjectReferenceProxies = 1;
			preferredProjectObjectVersion = 77;
			productRefGroup = 55470DAE2D72937F0039BAA1 /* Products */;
			projectDirPath = "";
			projectRoot = "";
			targets = (
				55470DAC2D72937F0039BAA1 /* Daily Task */,
				55470DC12D7293810039BAA1 /* Daily TaskTests */,
				55470DCB2D7293810039BAA1 /* Daily TaskUITests */,
			);
		};
/* End PBXProject section */

/* Begin PBXResourcesBuildPhase section */
		55470DAB2D72937F0039BAA1 /* Resources */ = {
			isa = PBXResourcesBuildPhase;
			buildActionMask = 2147483647;
			files = (
			);
			runOnlyForDeploymentPostprocessing = 0;
		};
		55470DC02D7293810039BAA1 /* Resources */ = {
			isa = PBXResourcesBuildPhase;
			buildActionMask = 2147483647;
			files = (
			);
			runOnlyForDeploymentPostprocessing = 0;
		};
		55470DCA2D7293810039BAA1 /* Resources */ = {
			isa = PBXResourcesBuildPhase;
			buildActionMask = 2147483647;
			files = (
			);
			runOnlyForDeploymentPostprocessing = 0;
		};
/* End PBXResourcesBuildPhase section */

/* Begin PBXSourcesBuildPhase section */
		55470DA92D72937F0039BAA1 /* Sources */ = {
			isa = PBXSourcesBuildPhase;
			buildActionMask = 2147483647;
			files = (
			);
			runOnlyForDeploymentPostprocessing = 0;
		};
		55470DBE2D7293810039BAA1 /* Sources */ = {
			isa = PBXSourcesBuildPhase;
			buildActionMask = 2147483647;
			files = (
			);
			runOnlyForDeploymentPostprocessing = 0;
		};
		55470DC82D7293810039BAA1 /* Sources */ = {
			isa = PBXSourcesBuildPhase;
			buildActionMask = 2147483647;
			files = (
			);
			runOnlyForDeploymentPostprocessing = 0;
		};
/* End PBXSourcesBuildPhase section */

/* Begin PBXTargetDependency section */
		55470DC42D7293810039BAA1 /* PBXTargetDependency */ = {
			isa = PBXTargetDependency;
			target = 55470DAC2D72937F0039BAA1 /* Daily Task */;
			targetProxy = 55470DC32D7293810039BAA1 /* PBXContainerItemProxy */;
		};
		55470DCE2D7293810039BAA1 /* PBXTargetDependency */ = {
			isa = PBXTargetDependency;
			target = 55470DAC2D72937F0039BAA1 /* Daily Task */;
			targetProxy = 55470DCD2D7293810039BAA1 /* PBXContainerItemProxy */;
		};
/* End PBXTargetDependency section */

/* Begin XCBuildConfiguration section */
		55470DD42D7293810039BAA1 /* Debug */ = {
			isa = XCBuildConfiguration;
			buildSettings = {
				ALWAYS_SEARCH_USER_PATHS = NO;
				ASSETCATALOG_COMPILER_GENERATE_SWIFT_ASSET_SYMBOL_EXTENSIONS = YES;
				CLANG_ANALYZER_NONNULL = YES;
				CLANG_ANALYZER_NUMBER_OBJECT_CONVERSION = YES_AGGRESSIVE;
				CLANG_CXX_LANGUAGE_STANDARD = "gnu++20";
				CLANG_ENABLE_MODULES = YES;
				CLANG_ENABLE_OBJC_ARC = YES;
				CLANG_ENABLE_OBJC_WEAK = YES;
				CLANG_WARN_BLOCK_CAPTURE_AUTORELEASING = YES;
				CLANG_WARN_BOOL_CONVERSION = YES;
				CLANG_WARN_COMMA = YES;
				CLANG_WARN_CONSTANT_CONVERSION = YES;
				CLANG_WARN_DEPRECATED_OBJC_IMPLEMENTATIONS = YES;
				CLANG_WARN_DIRECT_OBJC_ISA_USAGE = YES_ERROR;
				CLANG_WARN_DOCUMENTATION_COMMENTS = YES;
				CLANG_WARN_EMPTY_BODY = YES;
				CLANG_WARN_ENUM_CONVERSION = YES;
				CLANG_WARN_INFINITE_RECURSION = YES;
				CLANG_WARN_INT_CONVERSION = YES;
				CLANG_WARN_NON_LITERAL_NULL_CONVERSION = YES;
				CLANG_WARN_OBJC_IMPLICIT_RETAIN_SELF = YES;
				CLANG_WARN_OBJC_LITERAL_CONVERSION = YES;
				CLANG_WARN_OBJC_ROOT_CLASS = YES_ERROR;
				CLANG_WARN_QUOTED_INCLUDE_IN_FRAMEWORK_HEADER = YES;
				CLANG_WARN_RANGE_LOOP_ANALYSIS = YES;
				CLANG_WARN_STRICT_PROTOTYPES = YES;
				CLANG_WARN_SUSPICIOUS_MOVE = YES;
				CLANG_WARN_UNGUARDED_AVAILABILITY = YES_AGGRESSIVE;
				CLANG_WARN_UNREACHABLE_CODE = YES;
				CLANG_WARN__DUPLICATE_METHOD_MATCH = YES;
				COPY_PHASE_STRIP = NO;
				DEBUG_INFORMATION_FORMAT = dwarf;
				ENABLE_STRICT_OBJC_MSGSEND = YES;
				ENABLE_TESTABILITY = YES;
				ENABLE_USER_SCRIPT_SANDBOXING = YES;
				GCC_C_LANGUAGE_STANDARD = gnu17;
				GCC_DYNAMIC_NO_PIC = NO;
				GCC_NO_COMMON_BLOCKS = YES;
				GCC_OPTIMIZATION_LEVEL = 0;
				GCC_PREPROCESSOR_DEFINITIONS = (
					"DEBUG=1",
					"$(inherited)",
				);
				GCC_WARN_64_TO_32_BIT_CONVERSION = YES;
				GCC_WARN_ABOUT_RETURN_TYPE = YES_ERROR;
				GCC_WARN_UNDECLARED_SELECTOR = YES;
				GCC_WARN_UNINITIALIZED_AUTOS = YES_AGGRESSIVE;
				GCC_WARN_UNUSED_FUNCTION = YES;
				GCC_WARN_UNUSED_VARIABLE = YES;
				IPHONEOS_DEPLOYMENT_TARGET = 18.2;
				LOCALIZATION_PREFERS_STRING_CATALOGS = YES;
				MTL_ENABLE_DEBUG_INFO = INCLUDE_SOURCE;
				MTL_FAST_MATH = YES;
				ONLY_ACTIVE_ARCH = YES;
				SDKROOT = iphoneos;
				SWIFT_ACTIVE_COMPILATION_CONDITIONS = "DEBUG $(inherited)";
				SWIFT_OPTIMIZATION_LEVEL = "-Onone";
			};
			name = Debug;
		};
		55470DD52D7293810039BAA1 /* Release */ = {
			isa = XCBuildConfiguration;
			buildSettings = {
				ALWAYS_SEARCH_USER_PATHS = NO;
				ASSETCATALOG_COMPILER_GENERATE_SWIFT_ASSET_SYMBOL_EXTENSIONS = YES;
				CLANG_ANALYZER_NONNULL = YES;
				CLANG_ANALYZER_NUMBER_OBJECT_CONVERSION = YES_AGGRESSIVE;
				CLANG_CXX_LANGUAGE_STANDARD = "gnu++20";
				CLANG_ENABLE_MODULES = YES;
				CLANG_ENABLE_OBJC_ARC = YES;
				CLANG_ENABLE_OBJC_WEAK = YES;
				CLANG_WARN_BLOCK_CAPTURE_AUTORELEASING = YES;
				CLANG_WARN_BOOL_CONVERSION = YES;
				CLANG_WARN_COMMA = YES;
				CLANG_WARN_CONSTANT_CONVERSION = YES;
				CLANG_WARN_DEPRECATED_OBJC_IMPLEMENTATIONS = YES;
				CLANG_WARN_DIRECT_OBJC_ISA_USAGE = YES_ERROR;
				CLANG_WARN_DOCUMENTATION_COMMENTS = YES;
				CLANG_WARN_EMPTY_BODY = YES;
				CLANG_WARN_ENUM_CONVERSION = YES;
				CLANG_WARN_INFINITE_RECURSION = YES;
				CLANG_WARN_INT_CONVERSION = YES;
				CLANG_WARN_NON_LITERAL_NULL_CONVERSION = YES;
				CLANG_WARN_OBJC_IMPLICIT_RETAIN_SELF = YES;
				CLANG_WARN_OBJC_LITERAL_CONVERSION = YES;
				CLANG_WARN_OBJC_ROOT_CLASS = YES_ERROR;
				CLANG_WARN_QUOTED_INCLUDE_IN_FRAMEWORK_HEADER = YES;
				CLANG_WARN_RANGE_LOOP_ANALYSIS = YES;
				CLANG_WARN_STRICT_PROTOTYPES = YES;
				CLANG_WARN_SUSPICIOUS_MOVE = YES;
				CLANG_WARN_UNGUARDED_AVAILABILITY = YES_AGGRESSIVE;
				CLANG_WARN_UNREACHABLE_CODE = YES;
				CLANG_WARN__DUPLICATE_METHOD_MATCH = YES;
				COPY_PHASE_STRIP = NO;
				DEBUG_INFORMATION_FORMAT = "dwarf-with-dsym";
				ENABLE_NS_ASSERTIONS = NO;
				ENABLE_STRICT_OBJC_MSGSEND = YES;
				ENABLE_USER_SCRIPT_SANDBOXING = YES;
				GCC_C_LANGUAGE_STANDARD = gnu17;
				GCC_NO_COMMON_BLOCKS = YES;
				GCC_WARN_64_TO_32_BIT_CONVERSION = YES;
				GCC_WARN_ABOUT_RETURN_TYPE = YES_ERROR;
				GCC_WARN_UNDECLARED_SELECTOR = YES;
				GCC_WARN_UNINITIALIZED_AUTOS = YES_AGGRESSIVE;
				GCC_WARN_UNUSED_FUNCTION = YES;
				GCC_WARN_UNUSED_VARIABLE = YES;
				IPHONEOS_DEPLOYMENT_TARGET = 18.2;
				LOCALIZATION_PREFERS_STRING_CATALOGS = YES;
				MTL_ENABLE_DEBUG_INFO = NO;
				MTL_FAST_MATH = YES;
				SDKROOT = iphoneos;
				SWIFT_COMPILATION_MODE = wholemodule;
				VALIDATE_PRODUCT = YES;
			};
			name = Release;
		};
		55470DD72D7293810039BAA1 /* Debug */ = {
			isa = XCBuildConfiguration;
			buildSettings = {
				ASSETCATALOG_COMPILER_APPICON_NAME = AppIcon;
				ASSETCATALOG_COMPILER_GLOBAL_ACCENT_COLOR_NAME = AccentColor;
				CODE_SIGN_STYLE = Automatic;
				CURRENT_PROJECT_VERSION = 1;
				DEVELOPMENT_ASSET_PATHS = "\"Daily Task/Preview Content\"";
				DEVELOPMENT_TEAM = 36257AHSF7;
				ENABLE_PREVIEWS = YES;
				GENERATE_INFOPLIST_FILE = YES;
				INFOPLIST_KEY_UIApplicationSceneManifest_Generation = YES;
				INFOPLIST_KEY_UIApplicationSupportsIndirectInputEvents = YES;
				INFOPLIST_KEY_UILaunchScreen_Generation = YES;
				INFOPLIST_KEY_UISupportedInterfaceOrientations_iPad = "UIInterfaceOrientationPortrait UIInterfaceOrientationPortraitUpsideDown UIInterfaceOrientationLandscapeLeft UIInterfaceOrientationLandscapeRight";
				INFOPLIST_KEY_UISupportedInterfaceOrientations_iPhone = "UIInterfaceOrientationPortrait UIInterfaceOrientationLandscapeLeft UIInterfaceOrientationLandscapeRight";
				IPHONEOS_DEPLOYMENT_TARGET = 16.6;
				LD_RUNPATH_SEARCH_PATHS = (
					"$(inherited)",
					"@executable_path/Frameworks",
				);
				MARKETING_VERSION = 1.0;
				PRODUCT_BUNDLE_IDENTIFIER = "Baldwin.Daily-Task";
				PRODUCT_NAME = "Daily Task - Simple Todo List";
				SWIFT_EMIT_LOC_STRINGS = YES;
				SWIFT_VERSION = 5.0;
				TARGETED_DEVICE_FAMILY = "1,2";
			};
			name = Debug;
		};
		55470DD82D7293810039BAA1 /* Release */ = {
			isa = XCBuildConfiguration;
			buildSettings = {
				ASSETCATALOG_COMPILER_APPICON_NAME = AppIcon;
				ASSETCATALOG_COMPILER_GLOBAL_ACCENT_COLOR_NAME = AccentColor;
				CODE_SIGN_STYLE = Automatic;
				CURRENT_PROJECT_VERSION = 1;
				DEVELOPMENT_ASSET_PATHS = "\"Daily Task/Preview Content\"";
				DEVELOPMENT_TEAM = 36257AHSF7;
				ENABLE_PREVIEWS = YES;
				GENERATE_INFOPLIST_FILE = YES;
				INFOPLIST_KEY_UIApplicationSceneManifest_Generation = YES;
				INFOPLIST_KEY_UIApplicationSupportsIndirectInputEvents = YES;
				INFOPLIST_KEY_UILaunchScreen_Generation = YES;
				INFOPLIST_KEY_UISupportedInterfaceOrientations_iPad = "UIInterfaceOrientationPortrait UIInterfaceOrientationPortraitUpsideDown UIInterfaceOrientationLandscapeLeft UIInterfaceOrientationLandscapeRight";
				INFOPLIST_KEY_UISupportedInterfaceOrientations_iPhone = "UIInterfaceOrientationPortrait UIInterfaceOrientationLandscapeLeft UIInterfaceOrientationLandscapeRight";
				IPHONEOS_DEPLOYMENT_TARGET = 16.6;
				LD_RUNPATH_SEARCH_PATHS = (
					"$(inherited)",
					"@executable_path/Frameworks",
				);
				MARKETING_VERSION = 1.0;
				PRODUCT_BUNDLE_IDENTIFIER = "Baldwin.Daily-Task";
				PRODUCT_NAME = "Daily Task - Simple Todo List";
				SWIFT_EMIT_LOC_STRINGS = YES;
				SWIFT_VERSION = 5.0;
				TARGETED_DEVICE_FAMILY = "1,2";
			};
			name = Release;
		};
		55470DDA2D7293810039BAA1 /* Debug */ = {
			isa = XCBuildConfiguration;
			buildSettings = {
				BUNDLE_LOADER = "$(TEST_HOST)";
				CODE_SIGN_STYLE = Automatic;
				CURRENT_PROJECT_VERSION = 1;
				DEVELOPMENT_TEAM = 36257AHSF7;
				GENERATE_INFOPLIST_FILE = YES;
				IPHONEOS_DEPLOYMENT_TARGET = 18.2;
				MARKETING_VERSION = 1.0;
				PRODUCT_BUNDLE_IDENTIFIER = "Baldwin.Daily-TaskTests";
				PRODUCT_NAME = "$(TARGET_NAME)";
				SWIFT_EMIT_LOC_STRINGS = NO;
				SWIFT_VERSION = 5.0;
				TARGETED_DEVICE_FAMILY = "1,2";
				TEST_HOST = "$(BUILT_PRODUCTS_DIR)/Daily Task.app/$(BUNDLE_EXECUTABLE_FOLDER_PATH)/Daily Task";
			};
			name = Debug;
		};
		55470DDB2D7293810039BAA1 /* Release */ = {
			isa = XCBuildConfiguration;
			buildSettings = {
				BUNDLE_LOADER = "$(TEST_HOST)";
				CODE_SIGN_STYLE = Automatic;
				CURRENT_PROJECT_VERSION = 1;
				DEVELOPMENT_TEAM = 36257AHSF7;
				GENERATE_INFOPLIST_FILE = YES;
				IPHONEOS_DEPLOYMENT_TARGET = 18.2;
				MARKETING_VERSION = 1.0;
				PRODUCT_BUNDLE_IDENTIFIER = "Baldwin.Daily-TaskTests";
				PRODUCT_NAME = "$(TARGET_NAME)";
				SWIFT_EMIT_LOC_STRINGS = NO;
				SWIFT_VERSION = 5.0;
				TARGETED_DEVICE_FAMILY = "1,2";
				TEST_HOST = "$(BUILT_PRODUCTS_DIR)/Daily Task.app/$(BUNDLE_EXECUTABLE_FOLDER_PATH)/Daily Task";
			};
			name = Release;
		};
		55470DDD2D7293810039BAA1 /* Debug */ = {
			isa = XCBuildConfiguration;
			buildSettings = {
				CODE_SIGN_STYLE = Automatic;
				CURRENT_PROJECT_VERSION = 1;
				DEVELOPMENT_TEAM = 36257AHSF7;
				GENERATE_INFOPLIST_FILE = YES;
				MARKETING_VERSION = 1.0;
				PRODUCT_BUNDLE_IDENTIFIER = "Baldwin.Daily-TaskUITests";
				PRODUCT_NAME = "$(TARGET_NAME)";
				SWIFT_EMIT_LOC_STRINGS = NO;
				SWIFT_VERSION = 5.0;
				TARGETED_DEVICE_FAMILY = "1,2";
				TEST_TARGET_NAME = "Daily Task";
			};
			name = Debug;
		};
		55470DDE2D7293810039BAA1 /* Release */ = {
			isa = XCBuildConfiguration;
			buildSettings = {
				CODE_SIGN_STYLE = Automatic;
				CURRENT_PROJECT_VERSION = 1;
				DEVELOPMENT_TEAM = 36257AHSF7;
				GENERATE_INFOPLIST_FILE = YES;
				MARKETING_VERSION = 1.0;
				PRODUCT_BUNDLE_IDENTIFIER = "Baldwin.Daily-TaskUITests";
				PRODUCT_NAME = "$(TARGET_NAME)";
				SWIFT_EMIT_LOC_STRINGS = NO;
				SWIFT_VERSION = 5.0;
				TARGETED_DEVICE_FAMILY = "1,2";
				TEST_TARGET_NAME = "Daily Task";
			};
			name = Release;
		};
/* End XCBuildConfiguration section */

/* Begin XCConfigurationList section */
		55470DA82D72937F0039BAA1 /* Build configuration list for PBXProject "Daily Task" */ = {
			isa = XCConfigurationList;
			buildConfigurations = (
				55470DD42D7293810039BAA1 /* Debug */,
				55470DD52D7293810039BAA1 /* Release */,
			);
			defaultConfigurationIsVisible = 0;
			defaultConfigurationName = Release;
		};
		55470DD62D7293810039BAA1 /* Build configuration list for PBXNativeTarget "Daily Task" */ = {
			isa = XCConfigurationList;
			buildConfigurations = (
				55470DD72D7293810039BAA1 /* Debug */,
				55470DD82D7293810039BAA1 /* Release */,
			);
			defaultConfigurationIsVisible = 0;
			defaultConfigurationName = Release;
		};
		55470DD92D7293810039BAA1 /* Build configuration list for PBXNativeTarget "Daily TaskTests" */ = {
			isa = XCConfigurationList;
			buildConfigurations = (
				55470DDA2D7293810039BAA1 /* Debug */,
				55470DDB2D7293810039BAA1 /* Release */,
			);
			defaultConfigurationIsVisible = 0;
			defaultConfigurationName = Release;
		};
		55470DDC2D7293810039BAA1 /* Build configuration list for PBXNativeTarget "Daily TaskUITests" */ = {
			isa = XCConfigurationList;
			buildConfigurations = (
				55470DDD2D7293810039BAA1 /* Debug */,
				55470DDE2D7293810039BAA1 /* Release */,
			);
			defaultConfigurationIsVisible = 0;
			defaultConfigurationName = Release;
		};
/* End XCConfigurationList section */
	};
	rootObject = 55470DA52D72937F0039BAA1 /* Project object */;
}
